// !$*UTF8*$!
{
	archiveVersion = 1;
	classes = {
	};
	objectVersion = 50;
	objects = {

/* Begin PBXBuildFile section */
		A70D728B2608DAB900C33265 /* RockPaperScissorsView.swift in Sources */ = {isa = PBXBuildFile; fileRef = A70D728A2608DAB900C33265 /* RockPaperScissorsView.swift */; };
		A70D729D2608ECAE00C33265 /* Model.swift in Sources */ = {isa = PBXBuildFile; fileRef = A70D729C2608ECAE00C33265 /* Model.swift */; };
		A7ADE4D22608A8B0003A9B59 /* AppDelegate.swift in Sources */ = {isa = PBXBuildFile; fileRef = A7ADE4D12608A8B0003A9B59 /* AppDelegate.swift */; };
		A7ADE4D42608A8B1003A9B59 /* Assets.xcassets in Resources */ = {isa = PBXBuildFile; fileRef = A7ADE4D32608A8B1003A9B59 /* Assets.xcassets */; };
		A7ADE4D72608A8B1003A9B59 /* MainMenu.xib in Resources */ = {isa = PBXBuildFile; fileRef = A7ADE4D52608A8B1003A9B59 /* MainMenu.xib */; };
		A7ADE4E22608A8D6003A9B59 /* MainWindowController.swift in Sources */ = {isa = PBXBuildFile; fileRef = A7ADE4E02608A8D6003A9B59 /* MainWindowController.swift */; };
		A7ADE4E32608A8D6003A9B59 /* MainWindowController.xib in Resources */ = {isa = PBXBuildFile; fileRef = A7ADE4E12608A8D6003A9B59 /* MainWindowController.xib */; };
		A7ADE4E72608A925003A9B59 /* Game.swift in Sources */ = {isa = PBXBuildFile; fileRef = A7ADE4E62608A925003A9B59 /* Game.swift */; };
		A7ADE4EE2608AAAA003A9B59 /* RockPaperScissorsViewController.swift in Sources */ = {isa = PBXBuildFile; fileRef = A7ADE4EC2608AAAA003A9B59 /* RockPaperScissorsViewController.swift */; };
		A7ADE4EF2608AAAA003A9B59 /* RockPaperScissorsViewController.xib in Resources */ = {isa = PBXBuildFile; fileRef = A7ADE4ED2608AAAA003A9B59 /* RockPaperScissorsViewController.xib */; };
/* End PBXBuildFile section */

/* Begin PBXFileReference section */
		A70D728A2608DAB900C33265 /* RockPaperScissorsView.swift */ = {isa = PBXFileReference; lastKnownFileType = sourcecode.swift; path = RockPaperScissorsView.swift; sourceTree = "<group>"; };
		A70D729C2608ECAE00C33265 /* Model.swift */ = {isa = PBXFileReference; lastKnownFileType = sourcecode.swift; path = Model.swift; sourceTree = "<group>"; };
		A7ADE4CE2608A8B0003A9B59 /* RockPaperScissors.app */ = {isa = PBXFileReference; explicitFileType = wrapper.application; includeInIndex = 0; path = RockPaperScissors.app; sourceTree = BUILT_PRODUCTS_DIR; };
		A7ADE4D12608A8B0003A9B59 /* AppDelegate.swift */ = {isa = PBXFileReference; lastKnownFileType = sourcecode.swift; path = AppDelegate.swift; sourceTree = "<group>"; };
		A7ADE4D32608A8B1003A9B59 /* Assets.xcassets */ = {isa = PBXFileReference; lastKnownFileType = folder.assetcatalog; path = Assets.xcassets; sourceTree = "<group>"; };
		A7ADE4D62608A8B1003A9B59 /* Base */ = {isa = PBXFileReference; lastKnownFileType = file.xib; name = Base; path = Base.lproj/MainMenu.xib; sourceTree = "<group>"; };
		A7ADE4D82608A8B1003A9B59 /* Info.plist */ = {isa = PBXFileReference; lastKnownFileType = text.plist.xml; path = Info.plist; sourceTree = "<group>"; };
		A7ADE4D92608A8B1003A9B59 /* RockPaperScissors.entitlements */ = {isa = PBXFileReference; lastKnownFileType = text.plist.entitlements; path = RockPaperScissors.entitlements; sourceTree = "<group>"; };
		A7ADE4E02608A8D6003A9B59 /* MainWindowController.swift */ = {isa = PBXFileReference; lastKnownFileType = sourcecode.swift; path = MainWindowController.swift; sourceTree = "<group>"; };
		A7ADE4E12608A8D6003A9B59 /* MainWindowController.xib */ = {isa = PBXFileReference; lastKnownFileType = file.xib; path = MainWindowController.xib; sourceTree = "<group>"; };
		A7ADE4E62608A925003A9B59 /* Game.swift */ = {isa = PBXFileReference; lastKnownFileType = sourcecode.swift; path = Game.swift; sourceTree = "<group>"; };
		A7ADE4EC2608AAAA003A9B59 /* RockPaperScissorsViewController.swift */ = {isa = PBXFileReference; lastKnownFileType = sourcecode.swift; path = RockPaperScissorsViewController.swift; sourceTree = "<group>"; };
		A7ADE4ED2608AAAA003A9B59 /* RockPaperScissorsViewController.xib */ = {isa = PBXFileReference; lastKnownFileType = file.xib; path = RockPaperScissorsViewController.xib; sourceTree = "<group>"; };
/* End PBXFileReference section */

/* Begin PBXFrameworksBuildPhase section */
		A7ADE4CB2608A8B0003A9B59 /* Frameworks */ = {
			isa = PBXFrameworksBuildPhase;
			buildActionMask = 2147483647;
			files = (
			);
			runOnlyForDeploymentPostprocessing = 0;
		};
/* End PBXFrameworksBuildPhase section */

/* Begin PBXGroup section */
		A70D72892608DAA000C33265 /* SwiftUIView */ = {
			isa = PBXGroup;
			children = (
				A70D728A2608DAB900C33265 /* RockPaperScissorsView.swift */,
			);
			path = SwiftUIView;
			sourceTree = "<group>";
		};
		A70D729F2608ECD200C33265 /* SupportingFiles */ = {
			isa = PBXGroup;
			children = (
				A7ADE4D52608A8B1003A9B59 /* MainMenu.xib */,
				A7ADE4E02608A8D6003A9B59 /* MainWindowController.swift */,
				A7ADE4E12608A8D6003A9B59 /* MainWindowController.xib */,
				A7ADE4D32608A8B1003A9B59 /* Assets.xcassets */,
			);
			path = SupportingFiles;
			sourceTree = "<group>";
		};
		A7ADE4C52608A8B0003A9B59 = {
			isa = PBXGroup;
			children = (
				A7ADE4D02608A8B0003A9B59 /* RockPaperScissors */,
				A7ADE4CF2608A8B0003A9B59 /* Products */,
			);
			sourceTree = "<group>";
		};
		A7ADE4CF2608A8B0003A9B59 /* Products */ = {
			isa = PBXGroup;
			children = (
				A7ADE4CE2608A8B0003A9B59 /* RockPaperScissors.app */,
			);
			name = Products;
			sourceTree = "<group>";
		};
		A7ADE4D02608A8B0003A9B59 /* RockPaperScissors */ = {
			isa = PBXGroup;
			children = (
				A70D729C2608ECAE00C33265 /* Model.swift */,
				A7ADE4EB2608AA89003A9B59 /* AppKitView */,
				A70D72892608DAA000C33265 /* SwiftUIView */,
				A7ADE4E52608A913003A9B59 /* ViewModel */,
				A7ADE4D12608A8B0003A9B59 /* AppDelegate.swift */,
				A70D729F2608ECD200C33265 /* SupportingFiles */,
				A7ADE4D82608A8B1003A9B59 /* Info.plist */,
				A7ADE4D92608A8B1003A9B59 /* RockPaperScissors.entitlements */,
			);
			path = RockPaperScissors;
			sourceTree = "<group>";
		};
		A7ADE4E52608A913003A9B59 /* ViewModel */ = {
			isa = PBXGroup;
			children = (
				A7ADE4E62608A925003A9B59 /* Game.swift */,
			);
			path = ViewModel;
			sourceTree = "<group>";
		};
		A7ADE4EB2608AA89003A9B59 /* AppKitView */ = {
			isa = PBXGroup;
			children = (
				A7ADE4EC2608AAAA003A9B59 /* RockPaperScissorsViewController.swift */,
				A7ADE4ED2608AAAA003A9B59 /* RockPaperScissorsViewController.xib */,
			);
			path = AppKitView;
			sourceTree = "<group>";
		};
/* End PBXGroup section */

/* Begin PBXNativeTarget section */
		A7ADE4CD2608A8B0003A9B59 /* RockPaperScissors */ = {
			isa = PBXNativeTarget;
			buildConfigurationList = A7ADE4DC2608A8B1003A9B59 /* Build configuration list for PBXNativeTarget "RockPaperScissors" */;
			buildPhases = (
				A7ADE4CA2608A8B0003A9B59 /* Sources */,
				A7ADE4CB2608A8B0003A9B59 /* Frameworks */,
				A7ADE4CC2608A8B0003A9B59 /* Resources */,
			);
			buildRules = (
			);
			dependencies = (
			);
			name = RockPaperScissors;
			productName = RockPaperScissors;
			productReference = A7ADE4CE2608A8B0003A9B59 /* RockPaperScissors.app */;
			productType = "com.apple.product-type.application";
		};
/* End PBXNativeTarget section */

/* Begin PBXProject section */
		A7ADE4C62608A8B0003A9B59 /* Project object */ = {
			isa = PBXProject;
			attributes = {
				LastSwiftUpdateCheck = 1240;
				LastUpgradeCheck = 1240;
				TargetAttributes = {
					A7ADE4CD2608A8B0003A9B59 = {
						CreatedOnToolsVersion = 12.4;
					};
				};
			};
			buildConfigurationList = A7ADE4C92608A8B0003A9B59 /* Build configuration list for PBXProject "RockPaperScissors" */;
			compatibilityVersion = "Xcode 9.3";
			developmentRegion = en;
			hasScannedForEncodings = 0;
			knownRegions = (
				en,
				Base,
			);
			mainGroup = A7ADE4C52608A8B0003A9B59;
			productRefGroup = A7ADE4CF2608A8B0003A9B59 /* Products */;
			projectDirPath = "";
			projectRoot = "";
			targets = (
				A7ADE4CD2608A8B0003A9B59 /* RockPaperScissors */,
			);
		};
/* End PBXProject section */

/* Begin PBXResourcesBuildPhase section */
		A7ADE4CC2608A8B0003A9B59 /* Resources */ = {
			isa = PBXResourcesBuildPhase;
			buildActionMask = 2147483647;
			files = (
				A7ADE4D42608A8B1003A9B59 /* Assets.xcassets in Resources */,
				A7ADE4E32608A8D6003A9B59 /* MainWindowController.xib in Resources */,
				A7ADE4D72608A8B1003A9B59 /* MainMenu.xib in Resources */,
				A7ADE4EF2608AAAA003A9B59 /* RockPaperScissorsViewController.xib in Resources */,
			);
			runOnlyForDeploymentPostprocessing = 0;
		};
/* End PBXResourcesBuildPhase section */

/* Begin PBXSourcesBuildPhase section */
		A7ADE4CA2608A8B0003A9B59 /* Sources */ = {
			isa = PBXSourcesBuildPhase;
			buildActionMask = 2147483647;
			files = (
				A7ADE4E22608A8D6003A9B59 /* MainWindowController.swift in Sources */,
				A70D728B2608DAB900C33265 /* RockPaperScissorsView.swift in Sources */,
				A7ADE4E72608A925003A9B59 /* Game.swift in Sources */,
				A70D729D2608ECAE00C33265 /* Model.swift in Sources */,
				A7ADE4D22608A8B0003A9B59 /* AppDelegate.swift in Sources */,
				A7ADE4EE2608AAAA003A9B59 /* RockPaperScissorsViewController.swift in Sources */,
			);
			runOnlyForDeploymentPostprocessing = 0;
		};
/* End PBXSourcesBuildPhase section */

/* Begin PBXVariantGroup section */
		A7ADE4D52608A8B1003A9B59 /* MainMenu.xib */ = {
			isa = PBXVariantGroup;
			children = (
				A7ADE4D62608A8B1003A9B59 /* Base */,
			);
			name = MainMenu.xib;
			sourceTree = "<group>";
		};
/* End PBXVariantGroup section */

/* Begin XCBuildConfiguration section */
		A7ADE4DA2608A8B1003A9B59 /* Debug */ = {
			isa = XCBuildConfiguration;
			buildSettings = {
				ALWAYS_SEARCH_USER_PATHS = NO;
				CLANG_ANALYZER_NONNULL = YES;
				CLANG_ANALYZER_NUMBER_OBJECT_CONVERSION = YES_AGGRESSIVE;
				CLANG_CXX_LANGUAGE_STANDARD = "gnu++14";
				CLANG_CXX_LIBRARY = "libc++";
				CLANG_ENABLE_MODULES = YES;
				CLANG_ENABLE_OBJC_ARC = YES;
				CLANG_ENABLE_OBJC_WEAK = YES;
				CLANG_WARN_BLOCK_CAPTURE_AUTORELEASING = YES;
				CLANG_WARN_BOOL_CONVERSION = YES;
				CLANG_WARN_COMMA = YES;
				CLANG_WARN_CONSTANT_CONVERSION = YES;
				CLANG_WARN_DEPRECATED_OBJC_IMPLEMENTATIONS = YES;
				CLANG_WARN_DIRECT_OBJC_ISA_USAGE = YES_ERROR;
				CLANG_WARN_DOCUMENTATION_COMMENTS = YES;
				CLANG_WARN_EMPTY_BODY = YES;
				CLANG_WARN_ENUM_CONVERSION = YES;
				CLANG_WARN_INFINITE_RECURSION = YES;
				CLANG_WARN_INT_CONVERSION = YES;
				CLANG_WARN_NON_LITERAL_NULL_CONVERSION = YES;
				CLANG_WARN_OBJC_IMPLICIT_RETAIN_SELF = YES;
				CLANG_WARN_OBJC_LITERAL_CONVERSION = YES;
				CLANG_WARN_OBJC_ROOT_CLASS = YES_ERROR;
				CLANG_WARN_QUOTED_INCLUDE_IN_FRAMEWORK_HEADER = YES;
				CLANG_WARN_RANGE_LOOP_ANALYSIS = YES;
				CLANG_WARN_STRICT_PROTOTYPES = YES;
				CLANG_WARN_SUSPICIOUS_MOVE = YES;
				CLANG_WARN_UNGUARDED_AVAILABILITY = YES_AGGRESSIVE;
				CLANG_WARN_UNREACHABLE_CODE = YES;
				CLANG_WARN__DUPLICATE_METHOD_MATCH = YES;
				COPY_PHASE_STRIP = NO;
				DEBUG_INFORMATION_FORMAT = dwarf;
				ENABLE_STRICT_OBJC_MSGSEND = YES;
				ENABLE_TESTABILITY = YES;
				GCC_C_LANGUAGE_STANDARD = gnu11;
				GCC_DYNAMIC_NO_PIC = NO;
				GCC_NO_COMMON_BLOCKS = YES;
				GCC_OPTIMIZATION_LEVEL = 0;
				GCC_PREPROCESSOR_DEFINITIONS = (
					"DEBUG=1",
					"$(inherited)",
				);
				GCC_WARN_64_TO_32_BIT_CONVERSION = YES;
				GCC_WARN_ABOUT_RETURN_TYPE = YES_ERROR;
				GCC_WARN_UNDECLARED_SELECTOR = YES;
				GCC_WARN_UNINITIALIZED_AUTOS = YES_AGGRESSIVE;
				GCC_WARN_UNUSED_FUNCTION = YES;
				GCC_WARN_UNUSED_VARIABLE = YES;
				MACOSX_DEPLOYMENT_TARGET = 11.1;
				MTL_ENABLE_DEBUG_INFO = INCLUDE_SOURCE;
				MTL_FAST_MATH = YES;
				ONLY_ACTIVE_ARCH = YES;
				SDKROOT = macosx;
				SWIFT_ACTIVE_COMPILATION_CONDITIONS = DEBUG;
				SWIFT_OPTIMIZATION_LEVEL = "-Onone";
			};
			name = Debug;
		};
		A7ADE4DB2608A8B1003A9B59 /* Release */ = {
			isa = XCBuildConfiguration;
			buildSettings = {
				ALWAYS_SEARCH_USER_PATHS = NO;
				CLANG_ANALYZER_NONNULL = YES;
				CLANG_ANALYZER_NUMBER_OBJECT_CONVERSION = YES_AGGRESSIVE;
				CLANG_CXX_LANGUAGE_STANDARD = "gnu++14";
				CLANG_CXX_LIBRARY = "libc++";
				CLANG_ENABLE_MODULES = YES;
				CLANG_ENABLE_OBJC_ARC = YES;
				CLANG_ENABLE_OBJC_WEAK = YES;
				CLANG_WARN_BLOCK_CAPTURE_AUTORELEASING = YES;
				CLANG_WARN_BOOL_CONVERSION = YES;
				CLANG_WARN_COMMA = YES;
				CLANG_WARN_CONSTANT_CONVERSION = YES;
				CLANG_WARN_DEPRECATED_OBJC_IMPLEMENTATIONS = YES;
				CLANG_WARN_DIRECT_OBJC_ISA_USAGE = YES_ERROR;
				CLANG_WARN_DOCUMENTATION_COMMENTS = YES;
				CLANG_WARN_EMPTY_BODY = YES;
				CLANG_WARN_ENUM_CONVERSION = YES;
				CLANG_WARN_INFINITE_RECURSION = YES;
				CLANG_WARN_INT_CONVERSION = YES;
				CLANG_WARN_NON_LITERAL_NULL_CONVERSION = YES;
				CLANG_WARN_OBJC_IMPLICIT_RETAIN_SELF = YES;
				CLANG_WARN_OBJC_LITERAL_CONVERSION = YES;
				CLANG_WARN_OBJC_ROOT_CLASS = YES_ERROR;
				CLANG_WARN_QUOTED_INCLUDE_IN_FRAMEWORK_HEADER = YES;
				CLANG_WARN_RANGE_LOOP_ANALYSIS = YES;
				CLANG_WARN_STRICT_PROTOTYPES = YES;
				CLANG_WARN_SUSPICIOUS_MOVE = YES;
				CLANG_WARN_UNGUARDED_AVAILABILITY = YES_AGGRESSIVE;
				CLANG_WARN_UNREACHABLE_CODE = YES;
				CLANG_WARN__DUPLICATE_METHOD_MATCH = YES;
				COPY_PHASE_STRIP = NO;
				DEBUG_INFORMATION_FORMAT = "dwarf-with-dsym";
				ENABLE_NS_ASSERTIONS = NO;
				ENABLE_STRICT_OBJC_MSGSEND = YES;
				GCC_C_LANGUAGE_STANDARD = gnu11;
				GCC_NO_COMMON_BLOCKS = YES;
				GCC_WARN_64_TO_32_BIT_CONVERSION = YES;
				GCC_WARN_ABOUT_RETURN_TYPE = YES_ERROR;
				GCC_WARN_UNDECLARED_SELECTOR = YES;
				GCC_WARN_UNINITIALIZED_AUTOS = YES_AGGRESSIVE;
				GCC_WARN_UNUSED_FUNCTION = YES;
				GCC_WARN_UNUSED_VARIABLE = YES;
				MACOSX_DEPLOYMENT_TARGET = 11.1;
				MTL_ENABLE_DEBUG_INFO = NO;
				MTL_FAST_MATH = YES;
				SDKROOT = macosx;
				SWIFT_COMPILATION_MODE = wholemodule;
				SWIFT_OPTIMIZATION_LEVEL = "-O";
			};
			name = Release;
		};
		A7ADE4DD2608A8B1003A9B59 /* Debug */ = {
			isa = XCBuildConfiguration;
			buildSettings = {
				ASSETCATALOG_COMPILER_APPICON_NAME = AppIcon;
				ASSETCATALOG_COMPILER_GLOBAL_ACCENT_COLOR_NAME = AccentColor;
				CODE_SIGN_ENTITLEMENTS = RockPaperScissors/RockPaperScissors.entitlements;
				CODE_SIGN_STYLE = Automatic;
				COMBINE_HIDPI_IMAGES = YES;
				DEVELOPMENT_TEAM = AWJ83G3EPY;
				ENABLE_HARDENED_RUNTIME = YES;
				INFOPLIST_FILE = RockPaperScissors/Info.plist;
				LD_RUNPATH_SEARCH_PATHS = (
					"$(inherited)",
					"@executable_path/../Frameworks",
				);
				PRODUCT_BUNDLE_IDENTIFIER = "de.oliver-epper.RockPaperScissors";
				PRODUCT_NAME = "$(TARGET_NAME)";
				SWIFT_VERSION = 5.0;
			};
			name = Debug;
		};
		A7ADE4DE2608A8B1003A9B59 /* Release */ = {
			isa = XCBuildConfiguration;
			buildSettings = {
				ASSETCATALOG_COMPILER_APPICON_NAME = AppIcon;
				ASSETCATALOG_COMPILER_GLOBAL_ACCENT_COLOR_NAME = AccentColor;
				CODE_SIGN_ENTITLEMENTS = RockPaperScissors/RockPaperScissors.entitlements;
				CODE_SIGN_STYLE = Automatic;
				COMBINE_HIDPI_IMAGES = YES;
				DEVELOPMENT_TEAM = AWJ83G3EPY;
				ENABLE_HARDENED_RUNTIME = YES;
				INFOPLIST_FILE = RockPaperScissors/Info.plist;
				LD_RUNPATH_SEARCH_PATHS = (
					"$(inherited)",
					"@executable_path/../Frameworks",
				);
				PRODUCT_BUNDLE_IDENTIFIER = "de.oliver-epper.RockPaperScissors";
				PRODUCT_NAME = "$(TARGET_NAME)";
				SWIFT_VERSION = 5.0;
			};
			name = Release;
		};
/* End XCBuildConfiguration section */

/* Begin XCConfigurationList section */
		A7ADE4C92608A8B0003A9B59 /* Build configuration list for PBXProject "RockPaperScissors" */ = {
			isa = XCConfigurationList;
			buildConfigurations = (
				A7ADE4DA2608A8B1003A9B59 /* Debug */,
				A7ADE4DB2608A8B1003A9B59 /* Release */,
			);
			defaultConfigurationIsVisible = 0;
			defaultConfigurationName = Release;
		};
		A7ADE4DC2608A8B1003A9B59 /* Build configuration list for PBXNativeTarget "RockPaperScissors" */ = {
			isa = XCConfigurationList;
			buildConfigurations = (
				A7ADE4DD2608A8B1003A9B59 /* Debug */,
				A7ADE4DE2608A8B1003A9B59 /* Release */,
			);
			defaultConfigurationIsVisible = 0;
			defaultConfigurationName = Release;
		};
/* End XCConfigurationList section */
	};
	rootObject = A7ADE4C62608A8B0003A9B59 /* Project object */;
}
